
Microsoft Visual Studio Solution File, Format Version 12.00
# Visual Studio Version 17
VisualStudioVersion = 17.14.36327.8 d17.14
MinimumVisualStudioVersion = 10.0.40219.1
Project("{FAE04EC0-301F-11D3-BF4B-00C04F79EFBC}") = "EmployeeAdminPortal", "EmployeeAdminPortal.csproj", "{FDBF6BB0-52AC-4EF8-BE41-C24EB33D90A5}"
EndProject
Global
	GlobalSection(SolutionConfigurationPlatforms) = preSolution
		Debug|Any CPU = Debug|Any CPU
		Release|Any CPU = Release|Any CPU
	EndGlobalSection
	GlobalSection(ProjectConfigurationPlatforms) = postSolution
		{FDBF6BB0-52AC-4EF8-BE41-C24EB33D90A5}.Debug|Any CPU.ActiveCfg = Debug|Any CPU
		{FDBF6BB0-52AC-4EF8-BE41-C24EB33D90A5}.Debug|Any CPU.Build.0 = Debug|Any CPU
		{FDBF6BB0-52AC-4EF8-BE41-C24EB33D90A5}.Release|Any CPU.ActiveCfg = Release|Any CPU
		{FDBF6BB0-52AC-4EF8-BE41-C24EB33D90A5}.Release|Any CPU.Build.0 = Release|Any CPU
	EndGlobalSection
	GlobalSection(SolutionProperties) = preSolution
		HideSolutionNode = FALSE
	EndGlobalSection
	GlobalSection(ExtensibilityGlobals) = postSolution
		SolutionGuid = {5ED768E2-5D50-49F8-BC32-7545DAC747A1}
	EndGlobalSection
EndGlobal
